
Microsoft Visual Studio Solution File, Format Version 12.00
# Visual Studio Version 17
VisualStudioVersion = 17.14.36623.8 d17.14
MinimumVisualStudioVersion = 10.0.40219.1
Project("{FAE04EC0-301F-11D3-BF4B-00C04F79EFBC}") = "UFO 50 Mod Converter", "UFO 50 Mod Converter\UFO 50 Mod Converter.csproj", "{4E4F5B40-06DD-4B49-9CC1-A71D21BB4141}"
EndProject
Global
	GlobalSection(SolutionConfigurationPlatforms) = preSolution
		Debug|Any CPU = Debug|Any CPU
		Release|Any CPU = Release|Any CPU
	EndGlobalSection
	GlobalSection(ProjectConfigurationPlatforms) = postSolution
		{4E4F5B40-06DD-4B49-9CC1-A71D21BB4141}.Debug|Any CPU.ActiveCfg = Debug|Any CPU
		{4E4F5B40-06DD-4B49-9CC1-A71D21BB4141}.Debug|Any CPU.Build.0 = Debug|Any CPU
		{4E4F5B40-06DD-4B49-9CC1-A71D21BB4141}.Release|Any CPU.ActiveCfg = Release|Any CPU
		{4E4F5B40-06DD-4B49-9CC1-A71D21BB4141}.Release|Any CPU.Build.0 = Release|Any CPU
	EndGlobalSection
	GlobalSection(SolutionProperties) = preSolution
		HideSolutionNode = FALSE
	EndGlobalSection
	GlobalSection(ExtensibilityGlobals) = postSolution
		SolutionGuid = {5401B594-BE06-4A72-82D0-2C805A79062E}
	EndGlobalSection
EndGlobal
